{
  "originHash" : "89e93c2fb689ec147210708947229868d8e8ef1423fb02b4abc7191702453b1a",
  "pins" : [
    {
      "identity" : "swift-cmark",
      "kind" : "remoteSourceControl",
      "location" : "https://github.com/swiftlang/swift-cmark.git",
      "state" : {
        "branch" : "gfm",
        "revision" : "b022b08312decdc46585e0b3440d97f6f22ef703"
      }
    },
    {
      "identity" : "swift-markdown",
      "kind" : "remoteSourceControl",
      "location" : "https://github.com/apple/swift-markdown.git",
      "state" : {
        "branch" : "main",
        "revision" : "90a8e2ec3d814093435b76c5e87917bd81785fd4"
      }
    }
  ],
  "version" : 3
}
