{
  "originHash" : "af463355025e7288cfc790e04d36c8dba353809746b25edbcf2e681eca80d315",
  "pins" : [
    {
      "identity" : "swift-cmark",
      "kind" : "remoteSourceControl",
      "location" : "https://github.com/swiftlang/swift-cmark.git",
      "state" : {
        "branch" : "gfm",
        "revision" : "b022b08312decdc46585e0b3440d97f6f22ef703"
      }
    },
    {
      "identity" : "swift-markdown",
      "kind" : "remoteSourceControl",
      "location" : "https://github.com/apple/swift-markdown.git",
      "state" : {
        "branch" : "main",
        "revision" : "2829eefc2e4f8ee7270b8e8d3e5757b98fe06b6c"
      }
    }
  ],
  "version" : 3
}
